
Microsoft Visual Studio Solution File, Format Version 12.00
# Visual Studio Version 17
VisualStudioVersion = 17.12.35527.113 d17.12
MinimumVisualStudioVersion = 10.0.40219.1
Project("{FAE04EC0-301F-11D3-BF4B-00C04F79EFBC}") = "SensorApp", "SensorApp.csproj", "{381092B3-AB0A-44DC-8498-BA2EEB9E5285}"
EndProject
Project("{FAE04EC0-301F-11D3-BF4B-00C04F79EFBC}") = "SensorApp.Tests", "..\SensorApp.Tests\SensorApp.Tests.csproj", "{ABDA5E20-A212-41D0-9240-5139C1D8E3F1}"
EndProject
Global
	GlobalSection(SolutionConfigurationPlatforms) = preSolution
		Debug|Any CPU = Debug|Any CPU
		Release|Any CPU = Release|Any CPU
	EndGlobalSection
	GlobalSection(ProjectConfigurationPlatforms) = postSolution
		{381092B3-AB0A-44DC-8498-BA2EEB9E5285}.Debug|Any CPU.ActiveCfg = Debug|Any CPU
		{381092B3-AB0A-44DC-8498-BA2EEB9E5285}.Debug|Any CPU.Build.0 = Debug|Any CPU
		{381092B3-AB0A-44DC-8498-BA2EEB9E5285}.Release|Any CPU.ActiveCfg = Release|Any CPU
		{381092B3-AB0A-44DC-8498-BA2EEB9E5285}.Release|Any CPU.Build.0 = Release|Any CPU
		{ABDA5E20-A212-41D0-9240-5139C1D8E3F1}.Debug|Any CPU.ActiveCfg = Debug|Any CPU
		{ABDA5E20-A212-41D0-9240-5139C1D8E3F1}.Debug|Any CPU.Build.0 = Debug|Any CPU
		{ABDA5E20-A212-41D0-9240-5139C1D8E3F1}.Release|Any CPU.ActiveCfg = Release|Any CPU
		{ABDA5E20-A212-41D0-9240-5139C1D8E3F1}.Release|Any CPU.Build.0 = Release|Any CPU
	EndGlobalSection
	GlobalSection(SolutionProperties) = preSolution
		HideSolutionNode = FALSE
	EndGlobalSection
EndGlobal
